
Microsoft Visual Studio Solution File, Format Version 12.00
# Visual Studio 2013
VisualStudioVersion = 12.0.21005.1
MinimumVisualStudioVersion = 10.0.40219.1
Project("{FAE04EC0-301F-11D3-BF4B-00C04F79EFBC}") = "Paysmart", "Paysmart\Paysmart.csproj", "{B9045681-57D9-4F67-8E0B-88D5F79B27CC}"
EndProject
Global
	GlobalSection(SolutionConfigurationPlatforms) = preSolution
		Debug|Any CPU = Debug|Any CPU
		Release|Any CPU = Release|Any CPU
	EndGlobalSection
	GlobalSection(ProjectConfigurationPlatforms) = postSolution
		{B9045681-57D9-4F67-8E0B-88D5F79B27CC}.Debug|Any CPU.ActiveCfg = Debug|Any CPU
		{B9045681-57D9-4F67-8E0B-88D5F79B27CC}.Debug|Any CPU.Build.0 = Debug|Any CPU
		{B9045681-57D9-4F67-8E0B-88D5F79B27CC}.Release|Any CPU.ActiveCfg = Release|Any CPU
		{B9045681-57D9-4F67-8E0B-88D5F79B27CC}.Release|Any CPU.Build.0 = Release|Any CPU
	EndGlobalSection
	GlobalSection(SolutionProperties) = preSolution
		HideSolutionNode = FALSE
	EndGlobalSection
EndGlobal
